
Microsoft Visual Studio Solution File, Format Version 12.00
# Visual Studio Version 16
VisualStudioVersion = 16.0.31205.134
MinimumVisualStudioVersion = 10.0.40219.1
Project("{FAE04EC0-301F-11D3-BF4B-00C04F79EFBC}") = "SalaryCalculationWithConstructors", "SalaryCalculationWithConstructors.csproj", "{D383F902-BD27-4407-8582-2EBE541938C0}"
EndProject
Global
	GlobalSection(SolutionConfigurationPlatforms) = preSolution
		Debug|Any CPU = Debug|Any CPU
		Release|Any CPU = Release|Any CPU
	EndGlobalSection
	GlobalSection(ProjectConfigurationPlatforms) = postSolution
		{D383F902-BD27-4407-8582-2EBE541938C0}.Debug|Any CPU.ActiveCfg = Debug|Any CPU
		{D383F902-BD27-4407-8582-2EBE541938C0}.Debug|Any CPU.Build.0 = Debug|Any CPU
		{D383F902-BD27-4407-8582-2EBE541938C0}.Release|Any CPU.ActiveCfg = Release|Any CPU
		{D383F902-BD27-4407-8582-2EBE541938C0}.Release|Any CPU.Build.0 = Release|Any CPU
	EndGlobalSection
	GlobalSection(SolutionProperties) = preSolution
		HideSolutionNode = FALSE
	EndGlobalSection
	GlobalSection(ExtensibilityGlobals) = postSolution
		SolutionGuid = {850B8D20-6A2F-45E1-A34A-A7D36A68C130}
	EndGlobalSection
EndGlobal
